
Microsoft Visual Studio Solution File, Format Version 12.00
# Visual Studio 15
VisualStudioVersion = 15.0.28307.902
MinimumVisualStudioVersion = 10.0.40219.1
Project("{FAE04EC0-301F-11D3-BF4B-00C04F79EFBC}") = "ShoppingCart_2", "ShoppingCart_2\ShoppingCart_2.csproj", "{6C7387A4-D123-4560-870F-C090F989DD10}"
EndProject
Project("{FAE04EC0-301F-11D3-BF4B-00C04F79EFBC}") = "ShoppingCart_2.Test", "ShoppingCart_2.Test\ShoppingCart_2.Test.csproj", "{76473F13-1DBA-4290-90AA-DD5C9BA81C86}"
EndProject
Global
	GlobalSection(SolutionConfigurationPlatforms) = preSolution
		Debug|Any CPU = Debug|Any CPU
		Release|Any CPU = Release|Any CPU
	EndGlobalSection
	GlobalSection(ProjectConfigurationPlatforms) = postSolution
		{6C7387A4-D123-4560-870F-C090F989DD10}.Debug|Any CPU.ActiveCfg = Debug|Any CPU
		{6C7387A4-D123-4560-870F-C090F989DD10}.Debug|Any CPU.Build.0 = Debug|Any CPU
		{6C7387A4-D123-4560-870F-C090F989DD10}.Release|Any CPU.ActiveCfg = Release|Any CPU
		{6C7387A4-D123-4560-870F-C090F989DD10}.Release|Any CPU.Build.0 = Release|Any CPU
		{76473F13-1DBA-4290-90AA-DD5C9BA81C86}.Debug|Any CPU.ActiveCfg = Debug|Any CPU
		{76473F13-1DBA-4290-90AA-DD5C9BA81C86}.Debug|Any CPU.Build.0 = Debug|Any CPU
		{76473F13-1DBA-4290-90AA-DD5C9BA81C86}.Release|Any CPU.ActiveCfg = Release|Any CPU
		{76473F13-1DBA-4290-90AA-DD5C9BA81C86}.Release|Any CPU.Build.0 = Release|Any CPU
	EndGlobalSection
	GlobalSection(SolutionProperties) = preSolution
		HideSolutionNode = FALSE
	EndGlobalSection
	GlobalSection(ExtensibilityGlobals) = postSolution
		SolutionGuid = {00A82AA8-BDDF-45F9-A04E-462D9CB512D5}
	EndGlobalSection
EndGlobal
